
Microsoft Visual Studio Solution File, Format Version 12.00
# Visual Studio 14
VisualStudioVersion = 14.0.25420.1
MinimumVisualStudioVersion = 10.0.40219.1
Project("{FAE04EC0-301F-11D3-BF4B-00C04F79EFBC}") = "ProxyServer", "ProxyServer\ProxyServer.csproj", "{3B42F74E-1659-4AC3-8D02-FFA725285F6B}"
EndProject
Project("{2150E333-8FDC-42A3-9474-1A3956D46DE8}") = "Solution Items", "Solution Items", "{AC2D56B1-FD79-4429-B1FA-62C894B48C27}"
	ProjectSection(SolutionItems) = preProject
		ProxyService.cs = ProxyService.cs
	EndProjectSection
EndProject
Global
	GlobalSection(SolutionConfigurationPlatforms) = preSolution
		Debug|Any CPU = Debug|Any CPU
		Release|Any CPU = Release|Any CPU
	EndGlobalSection
	GlobalSection(ProjectConfigurationPlatforms) = postSolution
		{3B42F74E-1659-4AC3-8D02-FFA725285F6B}.Debug|Any CPU.ActiveCfg = Debug|Any CPU
		{3B42F74E-1659-4AC3-8D02-FFA725285F6B}.Debug|Any CPU.Build.0 = Debug|Any CPU
		{3B42F74E-1659-4AC3-8D02-FFA725285F6B}.Release|Any CPU.ActiveCfg = Release|Any CPU
		{3B42F74E-1659-4AC3-8D02-FFA725285F6B}.Release|Any CPU.Build.0 = Release|Any CPU
	EndGlobalSection
	GlobalSection(SolutionProperties) = preSolution
		HideSolutionNode = FALSE
	EndGlobalSection
EndGlobal
